
Microsoft Visual Studio Solution File, Format Version 12.00
# Visual Studio Version 17
VisualStudioVersion = 17.8.34525.116
MinimumVisualStudioVersion = 10.0.40219.1
Project("{FAE04EC0-301F-11D3-BF4B-00C04F79EFBC}") = "Mission_10", "Mission_10.csproj", "{66F759F4-D073-4F29-B318-D34366EC5A2E}"
EndProject
Global
	GlobalSection(SolutionConfigurationPlatforms) = preSolution
		Debug|Any CPU = Debug|Any CPU
		Release|Any CPU = Release|Any CPU
	EndGlobalSection
	GlobalSection(ProjectConfigurationPlatforms) = postSolution
		{66F759F4-D073-4F29-B318-D34366EC5A2E}.Debug|Any CPU.ActiveCfg = Debug|Any CPU
		{66F759F4-D073-4F29-B318-D34366EC5A2E}.Debug|Any CPU.Build.0 = Debug|Any CPU
		{66F759F4-D073-4F29-B318-D34366EC5A2E}.Release|Any CPU.ActiveCfg = Release|Any CPU
		{66F759F4-D073-4F29-B318-D34366EC5A2E}.Release|Any CPU.Build.0 = Release|Any CPU
	EndGlobalSection
	GlobalSection(SolutionProperties) = preSolution
		HideSolutionNode = FALSE
	EndGlobalSection
	GlobalSection(ExtensibilityGlobals) = postSolution
		SolutionGuid = {2D1A6B5D-8FB6-49BF-8654-AF690C25291E}
	EndGlobalSection
EndGlobal
